<?xml version="1.0" encoding="utf-8"?>
<Project ToolsVersion="4.0" xmlns="http://schemas.microsoft.com/developer/msbuild/2003">
  <ItemGroup>
    <Filter Include="Source Files">
      <UniqueIdentifier>{996f59ab-5bc9-427b-9d1a-3b933a2fa5b7}</UniqueIdentifier>
      <Extensions>cpp;c;cxx;rc;def;r;odl;idl;hpj;bat</Extensions>
    </Filter>
    <Filter Include="Header Files">
      <UniqueIdentifier>{aa4bc79d-5ade-4034-bc3b-99ff54dfc47d}</UniqueIdentifier>
      <Extensions>h;hpp;hxx;hm;inl</Extensions>
    </Filter>
    <Filter Include="Resource Files">
      <UniqueIdentifier>{cf43890b-c660-4246-8132-87263ff02696}</UniqueIdentifier>
      <Extensions>ico;cur;bmp;dlg;rc2;rct;bin;cnt;rtf;gif;jpg;jpeg;jpe</Extensions>
    </Filter>
  </ItemGroup>
  <ItemGroup>
    <ClCompile Include="HtmlParse.cpp">
      <Filter>Source Files</Filter>
    </ClCompile>
    <ClCompile Include="Htmlzap.cpp">
      <Filter>Source Files</Filter>
    </ClCompile>
    <ClCompile Include="StdAfx.cpp">
      <Filter>Source Files</Filter>
    </ClCompile>
    <ClCompile Include="StringAccumulator.cpp">
      <Filter>Source Files</Filter>
    </ClCompile>
  </ItemGroup>
  <ItemGroup>
    <ResourceCompile Include="Htmlzap.rc">
      <Filter>Source Files</Filter>
    </ResourceCompile>
  </ItemGroup>
  <ItemGroup>
    <ClInclude Include="HtmlParse.h">
      <Filter>Header Files</Filter>
    </ClInclude>
    <ClInclude Include="Resource.h">
      <Filter>Header Files</Filter>
    </ClInclude>
    <ClInclude Include="StdAfx.h">
      <Filter>Header Files</Filter>
    </ClInclude>
    <ClInclude Include="StringAccumulator.h">
      <Filter>Header Files</Filter>
    </ClInclude>
  </ItemGroup>
  <ItemGroup>
    <Library Include="C:\Program Files %28x86%29\Microsoft SDKs\Windows\v7.0A\Lib\ShLwApi.Lib" />
    <Library Include="C:\Program Files %28x86%29\Microsoft Visual Studio 10.0\VC\lib\delayimp.lib" />
  </ItemGroup>
  <ItemGroup>
    <CustomBuild Include="Htmlzap.def">
      <Filter>Source Files</Filter>
    </CustomBuild>
    <CustomBuild Include="Htmlzap.idl">
      <Filter>Source Files</Filter>
    </CustomBuild>
    <CustomBuild Include="htmlzap.bmp">
      <Filter>Resource Files</Filter>
    </CustomBuild>
    <CustomBuild Include="hzbutn.bmp">
      <Filter>Resource Files</Filter>
    </CustomBuild>
    <CustomBuild Include="sabutn.bmp">
      <Filter>Resource Files</Filter>
    </CustomBuild>
    <CustomBuild Include="stringacc.bmp">
      <Filter>Resource Files</Filter>
    </CustomBuild>
    <CustomBuild Include="HtmlParse.rgs" />
    <CustomBuild Include="StringAccumulator.rgs" />
  </ItemGroup>
</Project>