
Microsoft Visual Studio Solution File, Format Version 11.00
# Visual Studio 2010
Project("{8BC9CEB8-8B4A-11D0-8D11-00A0C91BC942}") = "Htmlzap", "Htmlzap.vcxproj", "{65B6C222-F6BB-8187-4FB1-BA3F86733DEF}"
EndProject
Global
	GlobalSection(SolutionConfigurationPlatforms) = preSolution
		Debug|Win32 = Debug|Win32
		Release MinDependency|Win32 = Release MinDependency|Win32
		Release MinSize|Win32 = Release MinSize|Win32
		Unicode Debug|Win32 = Unicode Debug|Win32
		Unicode Release MinDependency|Win32 = Unicode Release MinDependency|Win32
		Unicode Release MinSize|Win32 = Unicode Release MinSize|Win32
	EndGlobalSection
	GlobalSection(ProjectConfigurationPlatforms) = postSolution
		{65B6C222-F6BB-8187-4FB1-BA3F86733DEF}.Debug|Win32.ActiveCfg = Debug|Win32
		{65B6C222-F6BB-8187-4FB1-BA3F86733DEF}.Debug|Win32.Build.0 = Debug|Win32
		{65B6C222-F6BB-8187-4FB1-BA3F86733DEF}.Release MinDependency|Win32.ActiveCfg = Release MinDependency|Win32
		{65B6C222-F6BB-8187-4FB1-BA3F86733DEF}.Release MinDependency|Win32.Build.0 = Release MinDependency|Win32
		{65B6C222-F6BB-8187-4FB1-BA3F86733DEF}.Release MinSize|Win32.ActiveCfg = Release MinSize|Win32
		{65B6C222-F6BB-8187-4FB1-BA3F86733DEF}.Release MinSize|Win32.Build.0 = Release MinSize|Win32
		{65B6C222-F6BB-8187-4FB1-BA3F86733DEF}.Unicode Debug|Win32.ActiveCfg = Unicode Debug|Win32
		{65B6C222-F6BB-8187-4FB1-BA3F86733DEF}.Unicode Debug|Win32.Build.0 = Unicode Debug|Win32
		{65B6C222-F6BB-8187-4FB1-BA3F86733DEF}.Unicode Release MinDependency|Win32.ActiveCfg = Unicode Release MinDependency|Win32
		{65B6C222-F6BB-8187-4FB1-BA3F86733DEF}.Unicode Release MinDependency|Win32.Build.0 = Unicode Release MinDependency|Win32
		{65B6C222-F6BB-8187-4FB1-BA3F86733DEF}.Unicode Release MinSize|Win32.ActiveCfg = Unicode Release MinSize|Win32
		{65B6C222-F6BB-8187-4FB1-BA3F86733DEF}.Unicode Release MinSize|Win32.Build.0 = Unicode Release MinSize|Win32
	EndGlobalSection
	GlobalSection(SolutionProperties) = preSolution
		HideSolutionNode = FALSE
	EndGlobalSection
EndGlobal
